
Microsoft Visual Studio Solution File, Format Version 12.00
# Visual Studio Version 17
VisualStudioVersion = 17.11.35327.3
MinimumVisualStudioVersion = 10.0.40219.1
Project("{FAE04EC0-301F-11D3-BF4B-00C04F79EFBC}") = "cal", "cal\cal.csproj", "{F5835E9B-4CF1-46E4-A963-6AC881683F4A}"
EndProject
Global
	GlobalSection(SolutionConfigurationPlatforms) = preSolution
		Debug|Any CPU = Debug|Any CPU
		Release|Any CPU = Release|Any CPU
	EndGlobalSection
	GlobalSection(ProjectConfigurationPlatforms) = postSolution
		{F5835E9B-4CF1-46E4-A963-6AC881683F4A}.Debug|Any CPU.ActiveCfg = Debug|Any CPU
		{F5835E9B-4CF1-46E4-A963-6AC881683F4A}.Debug|Any CPU.Build.0 = Debug|Any CPU
		{F5835E9B-4CF1-46E4-A963-6AC881683F4A}.Release|Any CPU.ActiveCfg = Release|Any CPU
		{F5835E9B-4CF1-46E4-A963-6AC881683F4A}.Release|Any CPU.Build.0 = Release|Any CPU
	EndGlobalSection
	GlobalSection(SolutionProperties) = preSolution
		HideSolutionNode = FALSE
	EndGlobalSection
	GlobalSection(ExtensibilityGlobals) = postSolution
		SolutionGuid = {DEDE73F6-7F6C-46C5-8424-93FAB955FCBF}
	EndGlobalSection
EndGlobal
